// !$*UTF8*$!
{
	archiveVersion = 1;
	classes = {
	};
	objectVersion = 56;
	objects = {

/* Begin PBXBuildFile section */
		314DEF9F2967C6860013DFE7 /* AppDelegate.swift in Sources */ = {isa = PBXBuildFile; fileRef = 314DEF9E2967C6860013DFE7 /* AppDelegate.swift */; };
		314DEFA12967C6860013DFE7 /* SceneDelegate.swift in Sources */ = {isa = PBXBuildFile; fileRef = 314DEFA02967C6860013DFE7 /* SceneDelegate.swift */; };
		314DEFA32967C6860013DFE7 /* EmployeesListViewController.swift in Sources */ = {isa = PBXBuildFile; fileRef = 314DEFA22967C6860013DFE7 /* EmployeesListViewController.swift */; };
		314DEFA82967C6870013DFE7 /* Assets.xcassets in Resources */ = {isa = PBXBuildFile; fileRef = 314DEFA72967C6870013DFE7 /* Assets.xcassets */; };
		314DEFB62967C6870013DFE7 /* Test_AssignmentTests.swift in Sources */ = {isa = PBXBuildFile; fileRef = 314DEFB52967C6870013DFE7 /* Test_AssignmentTests.swift */; };
		314DEFC02967C6870013DFE7 /* Test_AssignmentUITests.swift in Sources */ = {isa = PBXBuildFile; fileRef = 314DEFBF2967C6870013DFE7 /* Test_AssignmentUITests.swift */; };
		314DEFC22967C6870013DFE7 /* Test_AssignmentUITestsLaunchTests.swift in Sources */ = {isa = PBXBuildFile; fileRef = 314DEFC12967C6870013DFE7 /* Test_AssignmentUITestsLaunchTests.swift */; };
		314DEFD02967CA730013DFE7 /* EmployeeModel.swift in Sources */ = {isa = PBXBuildFile; fileRef = 314DEFCF2967CA730013DFE7 /* EmployeeModel.swift */; };
		314DEFD22967CDC40013DFE7 /* EmployeeTableViewCell.swift in Sources */ = {isa = PBXBuildFile; fileRef = 314DEFD12967CDC40013DFE7 /* EmployeeTableViewCell.swift */; };
		314DEFD42968D5210013DFE7 /* EmployeeListAPI.swift in Sources */ = {isa = PBXBuildFile; fileRef = 314DEFD32968D5210013DFE7 /* EmployeeListAPI.swift */; };
/* End PBXBuildFile section */

/* Begin PBXContainerItemProxy section */
		314DEFB22967C6870013DFE7 /* PBXContainerItemProxy */ = {
			isa = PBXContainerItemProxy;
			containerPortal = 314DEF932967C6860013DFE7 /* Project object */;
			proxyType = 1;
			remoteGlobalIDString = 314DEF9A2967C6860013DFE7;
			remoteInfo = "Test-Assignment";
		};
		314DEFBC2967C6870013DFE7 /* PBXContainerItemProxy */ = {
			isa = PBXContainerItemProxy;
			containerPortal = 314DEF932967C6860013DFE7 /* Project object */;
			proxyType = 1;
			remoteGlobalIDString = 314DEF9A2967C6860013DFE7;
			remoteInfo = "Test-Assignment";
		};
/* End PBXContainerItemProxy section */

/* Begin PBXFileReference section */
		314DEF9B2967C6860013DFE7 /* Test-Assignment.app */ = {isa = PBXFileReference; explicitFileType = wrapper.application; includeInIndex = 0; path = "Test-Assignment.app"; sourceTree = BUILT_PRODUCTS_DIR; };
		314DEF9E2967C6860013DFE7 /* AppDelegate.swift */ = {isa = PBXFileReference; lastKnownFileType = sourcecode.swift; path = AppDelegate.swift; sourceTree = "<group>"; };
		314DEFA02967C6860013DFE7 /* SceneDelegate.swift */ = {isa = PBXFileReference; lastKnownFileType = sourcecode.swift; path = SceneDelegate.swift; sourceTree = "<group>"; };
		314DEFA22967C6860013DFE7 /* EmployeesListViewController.swift */ = {isa = PBXFileReference; lastKnownFileType = sourcecode.swift; path = EmployeesListViewController.swift; sourceTree = "<group>"; };
		314DEFA72967C6870013DFE7 /* Assets.xcassets */ = {isa = PBXFileReference; lastKnownFileType = folder.assetcatalog; path = Assets.xcassets; sourceTree = "<group>"; };
		314DEFAC2967C6870013DFE7 /* Info.plist */ = {isa = PBXFileReference; lastKnownFileType = text.plist.xml; path = Info.plist; sourceTree = "<group>"; };
		314DEFB12967C6870013DFE7 /* Test-AssignmentTests.xctest */ = {isa = PBXFileReference; explicitFileType = wrapper.cfbundle; includeInIndex = 0; path = "Test-AssignmentTests.xctest"; sourceTree = BUILT_PRODUCTS_DIR; };
		314DEFB52967C6870013DFE7 /* Test_AssignmentTests.swift */ = {isa = PBXFileReference; lastKnownFileType = sourcecode.swift; path = Test_AssignmentTests.swift; sourceTree = "<group>"; };
		314DEFBB2967C6870013DFE7 /* Test-AssignmentUITests.xctest */ = {isa = PBXFileReference; explicitFileType = wrapper.cfbundle; includeInIndex = 0; path = "Test-AssignmentUITests.xctest"; sourceTree = BUILT_PRODUCTS_DIR; };
		314DEFBF2967C6870013DFE7 /* Test_AssignmentUITests.swift */ = {isa = PBXFileReference; lastKnownFileType = sourcecode.swift; path = Test_AssignmentUITests.swift; sourceTree = "<group>"; };
		314DEFC12967C6870013DFE7 /* Test_AssignmentUITestsLaunchTests.swift */ = {isa = PBXFileReference; lastKnownFileType = sourcecode.swift; path = Test_AssignmentUITestsLaunchTests.swift; sourceTree = "<group>"; };
		314DEFCF2967CA730013DFE7 /* EmployeeModel.swift */ = {isa = PBXFileReference; lastKnownFileType = sourcecode.swift; path = EmployeeModel.swift; sourceTree = "<group>"; };
		314DEFD12967CDC40013DFE7 /* EmployeeTableViewCell.swift */ = {isa = PBXFileReference; lastKnownFileType = sourcecode.swift; path = EmployeeTableViewCell.swift; sourceTree = "<group>"; };
		314DEFD32968D5210013DFE7 /* EmployeeListAPI.swift */ = {isa = PBXFileReference; lastKnownFileType = sourcecode.swift; path = EmployeeListAPI.swift; sourceTree = "<group>"; };
/* End PBXFileReference section */

/* Begin PBXFrameworksBuildPhase section */
		314DEF982967C6860013DFE7 /* Frameworks */ = {
			isa = PBXFrameworksBuildPhase;
			buildActionMask = 2147483647;
			files = (
			);
			runOnlyForDeploymentPostprocessing = 0;
		};
		314DEFAE2967C6870013DFE7 /* Frameworks */ = {
			isa = PBXFrameworksBuildPhase;
			buildActionMask = 2147483647;
			files = (
			);
			runOnlyForDeploymentPostprocessing = 0;
		};
		314DEFB82967C6870013DFE7 /* Frameworks */ = {
			isa = PBXFrameworksBuildPhase;
			buildActionMask = 2147483647;
			files = (
			);
			runOnlyForDeploymentPostprocessing = 0;
		};
/* End PBXFrameworksBuildPhase section */

/* Begin PBXGroup section */
		314DEF922967C6860013DFE7 = {
			isa = PBXGroup;
			children = (
				314DEF9D2967C6860013DFE7 /* Test-Assignment */,
				314DEFB42967C6870013DFE7 /* Test-AssignmentTests */,
				314DEFBE2967C6870013DFE7 /* Test-AssignmentUITests */,
				314DEF9C2967C6860013DFE7 /* Products */,
			);
			sourceTree = "<group>";
		};
		314DEF9C2967C6860013DFE7 /* Products */ = {
			isa = PBXGroup;
			children = (
				314DEF9B2967C6860013DFE7 /* Test-Assignment.app */,
				314DEFB12967C6870013DFE7 /* Test-AssignmentTests.xctest */,
				314DEFBB2967C6870013DFE7 /* Test-AssignmentUITests.xctest */,
			);
			name = Products;
			sourceTree = "<group>";
		};
		314DEF9D2967C6860013DFE7 /* Test-Assignment */ = {
			isa = PBXGroup;
			children = (
				314DEF9E2967C6860013DFE7 /* AppDelegate.swift */,
				314DEFA02967C6860013DFE7 /* SceneDelegate.swift */,
				314DEFCE2967C9940013DFE7 /* Model */,
				314DEFD52968E5D80013DFE7 /* Views */,
				314DEFA72967C6870013DFE7 /* Assets.xcassets */,
				314DEFAC2967C6870013DFE7 /* Info.plist */,
			);
			path = "Test-Assignment";
			sourceTree = "<group>";
		};
		314DEFB42967C6870013DFE7 /* Test-AssignmentTests */ = {
			isa = PBXGroup;
			children = (
				314DEFB52967C6870013DFE7 /* Test_AssignmentTests.swift */,
			);
			path = "Test-AssignmentTests";
			sourceTree = "<group>";
		};
		314DEFBE2967C6870013DFE7 /* Test-AssignmentUITests */ = {
			isa = PBXGroup;
			children = (
				314DEFBF2967C6870013DFE7 /* Test_AssignmentUITests.swift */,
				314DEFC12967C6870013DFE7 /* Test_AssignmentUITestsLaunchTests.swift */,
			);
			path = "Test-AssignmentUITests";
			sourceTree = "<group>";
		};
		314DEFCE2967C9940013DFE7 /* Model */ = {
			isa = PBXGroup;
			children = (
				314DEFCF2967CA730013DFE7 /* EmployeeModel.swift */,
				314DEFD32968D5210013DFE7 /* EmployeeListAPI.swift */,
			);
			path = Model;
			sourceTree = "<group>";
		};
		314DEFD52968E5D80013DFE7 /* Views */ = {
			isa = PBXGroup;
			children = (
				314DEFA22967C6860013DFE7 /* EmployeesListViewController.swift */,
				314DEFD12967CDC40013DFE7 /* EmployeeTableViewCell.swift */,
			);
			path = Views;
			sourceTree = "<group>";
		};
/* End PBXGroup section */

/* Begin PBXNativeTarget section */
		314DEF9A2967C6860013DFE7 /* Test-Assignment */ = {
			isa = PBXNativeTarget;
			buildConfigurationList = 314DEFC52967C6870013DFE7 /* Build configuration list for PBXNativeTarget "Test-Assignment" */;
			buildPhases = (
				314DEF972967C6860013DFE7 /* Sources */,
				314DEF982967C6860013DFE7 /* Frameworks */,
				314DEF992967C6860013DFE7 /* Resources */,
			);
			buildRules = (
			);
			dependencies = (
			);
			name = "Test-Assignment";
			productName = "Test-Assignment";
			productReference = 314DEF9B2967C6860013DFE7 /* Test-Assignment.app */;
			productType = "com.apple.product-type.application";
		};
		314DEFB02967C6870013DFE7 /* Test-AssignmentTests */ = {
			isa = PBXNativeTarget;
			buildConfigurationList = 314DEFC82967C6870013DFE7 /* Build configuration list for PBXNativeTarget "Test-AssignmentTests" */;
			buildPhases = (
				314DEFAD2967C6870013DFE7 /* Sources */,
				314DEFAE2967C6870013DFE7 /* Frameworks */,
				314DEFAF2967C6870013DFE7 /* Resources */,
			);
			buildRules = (
			);
			dependencies = (
				314DEFB32967C6870013DFE7 /* PBXTargetDependency */,
			);
			name = "Test-AssignmentTests";
			productName = "Test-AssignmentTests";
			productReference = 314DEFB12967C6870013DFE7 /* Test-AssignmentTests.xctest */;
			productType = "com.apple.product-type.bundle.unit-test";
		};
		314DEFBA2967C6870013DFE7 /* Test-AssignmentUITests */ = {
			isa = PBXNativeTarget;
			buildConfigurationList = 314DEFCB2967C6870013DFE7 /* Build configuration list for PBXNativeTarget "Test-AssignmentUITests" */;
			buildPhases = (
				314DEFB72967C6870013DFE7 /* Sources */,
				314DEFB82967C6870013DFE7 /* Frameworks */,
				314DEFB92967C6870013DFE7 /* Resources */,
			);
			buildRules = (
			);
			dependencies = (
				314DEFBD2967C6870013DFE7 /* PBXTargetDependency */,
			);
			name = "Test-AssignmentUITests";
			productName = "Test-AssignmentUITests";
			productReference = 314DEFBB2967C6870013DFE7 /* Test-AssignmentUITests.xctest */;
			productType = "com.apple.product-type.bundle.ui-testing";
		};
/* End PBXNativeTarget section */

/* Begin PBXProject section */
		314DEF932967C6860013DFE7 /* Project object */ = {
			isa = PBXProject;
			attributes = {
				BuildIndependentTargetsInParallel = 1;
				LastSwiftUpdateCheck = 1420;
				LastUpgradeCheck = 1420;
				TargetAttributes = {
					314DEF9A2967C6860013DFE7 = {
						CreatedOnToolsVersion = 14.2;
					};
					314DEFB02967C6870013DFE7 = {
						CreatedOnToolsVersion = 14.2;
						TestTargetID = 314DEF9A2967C6860013DFE7;
					};
					314DEFBA2967C6870013DFE7 = {
						CreatedOnToolsVersion = 14.2;
						TestTargetID = 314DEF9A2967C6860013DFE7;
					};
				};
			};
			buildConfigurationList = 314DEF962967C6860013DFE7 /* Build configuration list for PBXProject "Test-Assignment" */;
			compatibilityVersion = "Xcode 14.0";
			developmentRegion = en;
			hasScannedForEncodings = 0;
			knownRegions = (
				en,
				Base,
			);
			mainGroup = 314DEF922967C6860013DFE7;
			productRefGroup = 314DEF9C2967C6860013DFE7 /* Products */;
			projectDirPath = "";
			projectRoot = "";
			targets = (
				314DEF9A2967C6860013DFE7 /* Test-Assignment */,
				314DEFB02967C6870013DFE7 /* Test-AssignmentTests */,
				314DEFBA2967C6870013DFE7 /* Test-AssignmentUITests */,
			);
		};
/* End PBXProject section */

/* Begin PBXResourcesBuildPhase section */
		314DEF992967C6860013DFE7 /* Resources */ = {
			isa = PBXResourcesBuildPhase;
			buildActionMask = 2147483647;
			files = (
				314DEFA82967C6870013DFE7 /* Assets.xcassets in Resources */,
			);
			runOnlyForDeploymentPostprocessing = 0;
		};
		314DEFAF2967C6870013DFE7 /* Resources */ = {
			isa = PBXResourcesBuildPhase;
			buildActionMask = 2147483647;
			files = (
			);
			runOnlyForDeploymentPostprocessing = 0;
		};
		314DEFB92967C6870013DFE7 /* Resources */ = {
			isa = PBXResourcesBuildPhase;
			buildActionMask = 2147483647;
			files = (
			);
			runOnlyForDeploymentPostprocessing = 0;
		};
/* End PBXResourcesBuildPhase section */

/* Begin PBXSourcesBuildPhase section */
		314DEF972967C6860013DFE7 /* Sources */ = {
			isa = PBXSourcesBuildPhase;
			buildActionMask = 2147483647;
			files = (
				314DEFA32967C6860013DFE7 /* EmployeesListViewController.swift in Sources */,
				314DEF9F2967C6860013DFE7 /* AppDelegate.swift in Sources */,
				314DEFA12967C6860013DFE7 /* SceneDelegate.swift in Sources */,
				314DEFD22967CDC40013DFE7 /* EmployeeTableViewCell.swift in Sources */,
				314DEFD42968D5210013DFE7 /* EmployeeListAPI.swift in Sources */,
				314DEFD02967CA730013DFE7 /* EmployeeModel.swift in Sources */,
			);
			runOnlyForDeploymentPostprocessing = 0;
		};
		314DEFAD2967C6870013DFE7 /* Sources */ = {
			isa = PBXSourcesBuildPhase;
			buildActionMask = 2147483647;
			files = (
				314DEFB62967C6870013DFE7 /* Test_AssignmentTests.swift in Sources */,
			);
			runOnlyForDeploymentPostprocessing = 0;
		};
		314DEFB72967C6870013DFE7 /* Sources */ = {
			isa = PBXSourcesBuildPhase;
			buildActionMask = 2147483647;
			files = (
				314DEFC02967C6870013DFE7 /* Test_AssignmentUITests.swift in Sources */,
				314DEFC22967C6870013DFE7 /* Test_AssignmentUITestsLaunchTests.swift in Sources */,
			);
			runOnlyForDeploymentPostprocessing = 0;
		};
/* End PBXSourcesBuildPhase section */

/* Begin PBXTargetDependency section */
		314DEFB32967C6870013DFE7 /* PBXTargetDependency */ = {
			isa = PBXTargetDependency;
			target = 314DEF9A2967C6860013DFE7 /* Test-Assignment */;
			targetProxy = 314DEFB22967C6870013DFE7 /* PBXContainerItemProxy */;
		};
		314DEFBD2967C6870013DFE7 /* PBXTargetDependency */ = {
			isa = PBXTargetDependency;
			target = 314DEF9A2967C6860013DFE7 /* Test-Assignment */;
			targetProxy = 314DEFBC2967C6870013DFE7 /* PBXContainerItemProxy */;
		};
/* End PBXTargetDependency section */

/* Begin XCBuildConfiguration section */
		314DEFC32967C6870013DFE7 /* Debug */ = {
			isa = XCBuildConfiguration;
			buildSettings = {
				ALWAYS_SEARCH_USER_PATHS = NO;
				CLANG_ANALYZER_NONNULL = YES;
				CLANG_ANALYZER_NUMBER_OBJECT_CONVERSION = YES_AGGRESSIVE;
				CLANG_CXX_LANGUAGE_STANDARD = "gnu++20";
				CLANG_ENABLE_MODULES = YES;
				CLANG_ENABLE_OBJC_ARC = YES;
				CLANG_ENABLE_OBJC_WEAK = YES;
				CLANG_WARN_BLOCK_CAPTURE_AUTORELEASING = YES;
				CLANG_WARN_BOOL_CONVERSION = YES;
				CLANG_WARN_COMMA = YES;
				CLANG_WARN_CONSTANT_CONVERSION = YES;
				CLANG_WARN_DEPRECATED_OBJC_IMPLEMENTATIONS = YES;
				CLANG_WARN_DIRECT_OBJC_ISA_USAGE = YES_ERROR;
				CLANG_WARN_DOCUMENTATION_COMMENTS = YES;
				CLANG_WARN_EMPTY_BODY = YES;
				CLANG_WARN_ENUM_CONVERSION = YES;
				CLANG_WARN_INFINITE_RECURSION = YES;
				CLANG_WARN_INT_CONVERSION = YES;
				CLANG_WARN_NON_LITERAL_NULL_CONVERSION = YES;
				CLANG_WARN_OBJC_IMPLICIT_RETAIN_SELF = YES;
				CLANG_WARN_OBJC_LITERAL_CONVERSION = YES;
				CLANG_WARN_OBJC_ROOT_CLASS = YES_ERROR;
				CLANG_WARN_QUOTED_INCLUDE_IN_FRAMEWORK_HEADER = YES;
				CLANG_WARN_RANGE_LOOP_ANALYSIS = YES;
				CLANG_WARN_STRICT_PROTOTYPES = YES;
				CLANG_WARN_SUSPICIOUS_MOVE = YES;
				CLANG_WARN_UNGUARDED_AVAILABILITY = YES_AGGRESSIVE;
				CLANG_WARN_UNREACHABLE_CODE = YES;
				CLANG_WARN__DUPLICATE_METHOD_MATCH = YES;
				COPY_PHASE_STRIP = NO;
				DEBUG_INFORMATION_FORMAT = dwarf;
				ENABLE_STRICT_OBJC_MSGSEND = YES;
				ENABLE_TESTABILITY = YES;
				GCC_C_LANGUAGE_STANDARD = gnu11;
				GCC_DYNAMIC_NO_PIC = NO;
				GCC_NO_COMMON_BLOCKS = YES;
				GCC_OPTIMIZATION_LEVEL = 0;
				GCC_PREPROCESSOR_DEFINITIONS = (
					"DEBUG=1",
					"$(inherited)",
				);
				GCC_WARN_64_TO_32_BIT_CONVERSION = YES;
				GCC_WARN_ABOUT_RETURN_TYPE = YES_ERROR;
				GCC_WARN_UNDECLARED_SELECTOR = YES;
				GCC_WARN_UNINITIALIZED_AUTOS = YES_AGGRESSIVE;
				GCC_WARN_UNUSED_FUNCTION = YES;
				GCC_WARN_UNUSED_VARIABLE = YES;
				IPHONEOS_DEPLOYMENT_TARGET = 16.2;
				MTL_ENABLE_DEBUG_INFO = INCLUDE_SOURCE;
				MTL_FAST_MATH = YES;
				ONLY_ACTIVE_ARCH = YES;
				SDKROOT = iphoneos;
				SWIFT_ACTIVE_COMPILATION_CONDITIONS = DEBUG;
				SWIFT_OPTIMIZATION_LEVEL = "-Onone";
			};
			name = Debug;
		};
		314DEFC42967C6870013DFE7 /* Release */ = {
			isa = XCBuildConfiguration;
			buildSettings = {
				ALWAYS_SEARCH_USER_PATHS = NO;
				CLANG_ANALYZER_NONNULL = YES;
				CLANG_ANALYZER_NUMBER_OBJECT_CONVERSION = YES_AGGRESSIVE;
				CLANG_CXX_LANGUAGE_STANDARD = "gnu++20";
				CLANG_ENABLE_MODULES = YES;
				CLANG_ENABLE_OBJC_ARC = YES;
				CLANG_ENABLE_OBJC_WEAK = YES;
				CLANG_WARN_BLOCK_CAPTURE_AUTORELEASING = YES;
				CLANG_WARN_BOOL_CONVERSION = YES;
				CLANG_WARN_COMMA = YES;
				CLANG_WARN_CONSTANT_CONVERSION = YES;
				CLANG_WARN_DEPRECATED_OBJC_IMPLEMENTATIONS = YES;
				CLANG_WARN_DIRECT_OBJC_ISA_USAGE = YES_ERROR;
				CLANG_WARN_DOCUMENTATION_COMMENTS = YES;
				CLANG_WARN_EMPTY_BODY = YES;
				CLANG_WARN_ENUM_CONVERSION = YES;
				CLANG_WARN_INFINITE_RECURSION = YES;
				CLANG_WARN_INT_CONVERSION = YES;
				CLANG_WARN_NON_LITERAL_NULL_CONVERSION = YES;
				CLANG_WARN_OBJC_IMPLICIT_RETAIN_SELF = YES;
				CLANG_WARN_OBJC_LITERAL_CONVERSION = YES;
				CLANG_WARN_OBJC_ROOT_CLASS = YES_ERROR;
				CLANG_WARN_QUOTED_INCLUDE_IN_FRAMEWORK_HEADER = YES;
				CLANG_WARN_RANGE_LOOP_ANALYSIS = YES;
				CLANG_WARN_STRICT_PROTOTYPES = YES;
				CLANG_WARN_SUSPICIOUS_MOVE = YES;
				CLANG_WARN_UNGUARDED_AVAILABILITY = YES_AGGRESSIVE;
				CLANG_WARN_UNREACHABLE_CODE = YES;
				CLANG_WARN__DUPLICATE_METHOD_MATCH = YES;
				COPY_PHASE_STRIP = NO;
				DEBUG_INFORMATION_FORMAT = "dwarf-with-dsym";
				ENABLE_NS_ASSERTIONS = NO;
				ENABLE_STRICT_OBJC_MSGSEND = YES;
				GCC_C_LANGUAGE_STANDARD = gnu11;
				GCC_NO_COMMON_BLOCKS = YES;
				GCC_WARN_64_TO_32_BIT_CONVERSION = YES;
				GCC_WARN_ABOUT_RETURN_TYPE = YES_ERROR;
				GCC_WARN_UNDECLARED_SELECTOR = YES;
				GCC_WARN_UNINITIALIZED_AUTOS = YES_AGGRESSIVE;
				GCC_WARN_UNUSED_FUNCTION = YES;
				GCC_WARN_UNUSED_VARIABLE = YES;
				IPHONEOS_DEPLOYMENT_TARGET = 16.2;
				MTL_ENABLE_DEBUG_INFO = NO;
				MTL_FAST_MATH = YES;
				SDKROOT = iphoneos;
				SWIFT_COMPILATION_MODE = wholemodule;
				SWIFT_OPTIMIZATION_LEVEL = "-O";
				VALIDATE_PRODUCT = YES;
			};
			name = Release;
		};
		314DEFC62967C6870013DFE7 /* Debug */ = {
			isa = XCBuildConfiguration;
			buildSettings = {
				ASSETCATALOG_COMPILER_APPICON_NAME = AppIcon;
				ASSETCATALOG_COMPILER_GLOBAL_ACCENT_COLOR_NAME = AccentColor;
				CODE_SIGN_STYLE = Automatic;
				CURRENT_PROJECT_VERSION = 1;
				DEVELOPMENT_TEAM = 85965G969V;
				GENERATE_INFOPLIST_FILE = YES;
				INFOPLIST_FILE = "Test-Assignment/Info.plist";
				INFOPLIST_KEY_UIApplicationSupportsIndirectInputEvents = YES;
				INFOPLIST_KEY_UILaunchStoryboardName = LaunchScreen;
				INFOPLIST_KEY_UISupportedInterfaceOrientations_iPad = "UIInterfaceOrientationPortrait UIInterfaceOrientationPortraitUpsideDown UIInterfaceOrientationLandscapeLeft UIInterfaceOrientationLandscapeRight";
				INFOPLIST_KEY_UISupportedInterfaceOrientations_iPhone = "UIInterfaceOrientationPortrait UIInterfaceOrientationLandscapeLeft UIInterfaceOrientationLandscapeRight";
				LD_RUNPATH_SEARCH_PATHS = (
					"$(inherited)",
					"@executable_path/Frameworks",
				);
				MARKETING_VERSION = 1.0;
				PRODUCT_BUNDLE_IDENTIFIER = "elina-mansurova.Test-Assignment";
				PRODUCT_NAME = "$(TARGET_NAME)";
				SWIFT_EMIT_LOC_STRINGS = YES;
				SWIFT_VERSION = 5.0;
				TARGETED_DEVICE_FAMILY = "1,2";
			};
			name = Debug;
		};
		314DEFC72967C6870013DFE7 /* Release */ = {
			isa = XCBuildConfiguration;
			buildSettings = {
				ASSETCATALOG_COMPILER_APPICON_NAME = AppIcon;
				ASSETCATALOG_COMPILER_GLOBAL_ACCENT_COLOR_NAME = AccentColor;
				CODE_SIGN_STYLE = Automatic;
				CURRENT_PROJECT_VERSION = 1;
				DEVELOPMENT_TEAM = 85965G969V;
				GENERATE_INFOPLIST_FILE = YES;
				INFOPLIST_FILE = "Test-Assignment/Info.plist";
				INFOPLIST_KEY_UIApplicationSupportsIndirectInputEvents = YES;
				INFOPLIST_KEY_UILaunchStoryboardName = LaunchScreen;
				INFOPLIST_KEY_UISupportedInterfaceOrientations_iPad = "UIInterfaceOrientationPortrait UIInterfaceOrientationPortraitUpsideDown UIInterfaceOrientationLandscapeLeft UIInterfaceOrientationLandscapeRight";
				INFOPLIST_KEY_UISupportedInterfaceOrientations_iPhone = "UIInterfaceOrientationPortrait UIInterfaceOrientationLandscapeLeft UIInterfaceOrientationLandscapeRight";
				LD_RUNPATH_SEARCH_PATHS = (
					"$(inherited)",
					"@executable_path/Frameworks",
				);
				MARKETING_VERSION = 1.0;
				PRODUCT_BUNDLE_IDENTIFIER = "elina-mansurova.Test-Assignment";
				PRODUCT_NAME = "$(TARGET_NAME)";
				SWIFT_EMIT_LOC_STRINGS = YES;
				SWIFT_VERSION = 5.0;
				TARGETED_DEVICE_FAMILY = "1,2";
			};
			name = Release;
		};
		314DEFC92967C6870013DFE7 /* Debug */ = {
			isa = XCBuildConfiguration;
			buildSettings = {
				ALWAYS_EMBED_SWIFT_STANDARD_LIBRARIES = YES;
				BUNDLE_LOADER = "$(TEST_HOST)";
				CODE_SIGN_STYLE = Automatic;
				CURRENT_PROJECT_VERSION = 1;
				DEVELOPMENT_TEAM = 85965G969V;
				GENERATE_INFOPLIST_FILE = YES;
				IPHONEOS_DEPLOYMENT_TARGET = 16.2;
				MARKETING_VERSION = 1.0;
				PRODUCT_BUNDLE_IDENTIFIER = "elina-mansurova.Test-AssignmentTests";
				PRODUCT_NAME = "$(TARGET_NAME)";
				SWIFT_EMIT_LOC_STRINGS = NO;
				SWIFT_VERSION = 5.0;
				TARGETED_DEVICE_FAMILY = "1,2";
				TEST_HOST = "$(BUILT_PRODUCTS_DIR)/Test-Assignment.app/$(BUNDLE_EXECUTABLE_FOLDER_PATH)/Test-Assignment";
			};
			name = Debug;
		};
		314DEFCA2967C6870013DFE7 /* Release */ = {
			isa = XCBuildConfiguration;
			buildSettings = {
				ALWAYS_EMBED_SWIFT_STANDARD_LIBRARIES = YES;
				BUNDLE_LOADER = "$(TEST_HOST)";
				CODE_SIGN_STYLE = Automatic;
				CURRENT_PROJECT_VERSION = 1;
				DEVELOPMENT_TEAM = 85965G969V;
				GENERATE_INFOPLIST_FILE = YES;
				IPHONEOS_DEPLOYMENT_TARGET = 16.2;
				MARKETING_VERSION = 1.0;
				PRODUCT_BUNDLE_IDENTIFIER = "elina-mansurova.Test-AssignmentTests";
				PRODUCT_NAME = "$(TARGET_NAME)";
				SWIFT_EMIT_LOC_STRINGS = NO;
				SWIFT_VERSION = 5.0;
				TARGETED_DEVICE_FAMILY = "1,2";
				TEST_HOST = "$(BUILT_PRODUCTS_DIR)/Test-Assignment.app/$(BUNDLE_EXECUTABLE_FOLDER_PATH)/Test-Assignment";
			};
			name = Release;
		};
		314DEFCC2967C6870013DFE7 /* Debug */ = {
			isa = XCBuildConfiguration;
			buildSettings = {
				ALWAYS_EMBED_SWIFT_STANDARD_LIBRARIES = YES;
				CODE_SIGN_STYLE = Automatic;
				CURRENT_PROJECT_VERSION = 1;
				DEVELOPMENT_TEAM = 85965G969V;
				GENERATE_INFOPLIST_FILE = YES;
				MARKETING_VERSION = 1.0;
				PRODUCT_BUNDLE_IDENTIFIER = "elina-mansurova.Test-AssignmentUITests";
				PRODUCT_NAME = "$(TARGET_NAME)";
				SWIFT_EMIT_LOC_STRINGS = NO;
				SWIFT_VERSION = 5.0;
				TARGETED_DEVICE_FAMILY = "1,2";
				TEST_TARGET_NAME = "Test-Assignment";
			};
			name = Debug;
		};
		314DEFCD2967C6870013DFE7 /* Release */ = {
			isa = XCBuildConfiguration;
			buildSettings = {
				ALWAYS_EMBED_SWIFT_STANDARD_LIBRARIES = YES;
				CODE_SIGN_STYLE = Automatic;
				CURRENT_PROJECT_VERSION = 1;
				DEVELOPMENT_TEAM = 85965G969V;
				GENERATE_INFOPLIST_FILE = YES;
				MARKETING_VERSION = 1.0;
				PRODUCT_BUNDLE_IDENTIFIER = "elina-mansurova.Test-AssignmentUITests";
				PRODUCT_NAME = "$(TARGET_NAME)";
				SWIFT_EMIT_LOC_STRINGS = NO;
				SWIFT_VERSION = 5.0;
				TARGETED_DEVICE_FAMILY = "1,2";
				TEST_TARGET_NAME = "Test-Assignment";
			};
			name = Release;
		};
/* End XCBuildConfiguration section */

/* Begin XCConfigurationList section */
		314DEF962967C6860013DFE7 /* Build configuration list for PBXProject "Test-Assignment" */ = {
			isa = XCConfigurationList;
			buildConfigurations = (
				314DEFC32967C6870013DFE7 /* Debug */,
				314DEFC42967C6870013DFE7 /* Release */,
			);
			defaultConfigurationIsVisible = 0;
			defaultConfigurationName = Release;
		};
		314DEFC52967C6870013DFE7 /* Build configuration list for PBXNativeTarget "Test-Assignment" */ = {
			isa = XCConfigurationList;
			buildConfigurations = (
				314DEFC62967C6870013DFE7 /* Debug */,
				314DEFC72967C6870013DFE7 /* Release */,
			);
			defaultConfigurationIsVisible = 0;
			defaultConfigurationName = Release;
		};
		314DEFC82967C6870013DFE7 /* Build configuration list for PBXNativeTarget "Test-AssignmentTests" */ = {
			isa = XCConfigurationList;
			buildConfigurations = (
				314DEFC92967C6870013DFE7 /* Debug */,
				314DEFCA2967C6870013DFE7 /* Release */,
			);
			defaultConfigurationIsVisible = 0;
			defaultConfigurationName = Release;
		};
		314DEFCB2967C6870013DFE7 /* Build configuration list for PBXNativeTarget "Test-AssignmentUITests" */ = {
			isa = XCConfigurationList;
			buildConfigurations = (
				314DEFCC2967C6870013DFE7 /* Debug */,
				314DEFCD2967C6870013DFE7 /* Release */,
			);
			defaultConfigurationIsVisible = 0;
			defaultConfigurationName = Release;
		};
/* End XCConfigurationList section */
	};
	rootObject = 314DEF932967C6860013DFE7 /* Project object */;
}
